// !$*UTF8*$!
{
	archiveVersion = 1;
	classes = {
	};
	objectVersion = 77;
	objects = {

/* Begin PBXBuildFile section */
		135856142F7D8BD200115473 /* InsightView.swift in Sources */ = {isa = PBXBuildFile; fileRef = 13D8BDC32F7D8A3B0024BAAB /* InsightView.swift */; };
		135856152F7D8BD900115473 /* TodayView.swift in Sources */ = {isa = PBXBuildFile; fileRef = 13D8BDC22F7D8A160024BAAB /* TodayView.swift */; };
		135856162F7D8C3A00115473 /* Subcategory.swift in Sources */ = {isa = PBXBuildFile; fileRef = 139D97F12F7CC859005300CB /* Subcategory.swift */; };
		135856172F7D8C3A00115473 /* Category.swift in Sources */ = {isa = PBXBuildFile; fileRef = 139D97F02F7CC846005300CB /* Category.swift */; };
		135856182F7D8C3F00115473 /* Activity.swift in Sources */ = {isa = PBXBuildFile; fileRef = 139D97F22F7CC864005300CB /* Activity.swift */; };
		135856192F7D8C4B00115473 /* ColorExtension.swift in Sources */ = {isa = PBXBuildFile; fileRef = 139D97F32F7CC87C005300CB /* ColorExtension.swift */; };
		1358561B2F7D8D3600115473 /* DateStripView.swift in Sources */ = {isa = PBXBuildFile; fileRef = 1358561A2F7D8D3600115473 /* DateStripView.swift */; };
		1358561D2F7D8EA400115473 /* TimeGridView.swift in Sources */ = {isa = PBXBuildFile; fileRef = 1358561C2F7D8EA400115473 /* TimeGridView.swift */; };
		135856212F7D912500115473 /* ActivityFormView.swift in Sources */ = {isa = PBXBuildFile; fileRef = 135856202F7D912500115473 /* ActivityFormView.swift */; };
		135856232F7D97BD00115473 /* PixelGridView.swift in Sources */ = {isa = PBXBuildFile; fileRef = 135856222F7D97BD00115473 /* PixelGridView.swift */; };
		135856252F7D9D1300115473 /* CategoryLegendView.swift in Sources */ = {isa = PBXBuildFile; fileRef = 135856242F7D9D1300115473 /* CategoryLegendView.swift */; };
		135856272F7D9DBA00115473 /* StatsView.swift in Sources */ = {isa = PBXBuildFile; fileRef = 135856262F7D9DBA00115473 /* StatsView.swift */; };
		135856292F7D9F6700115473 /* MonthPixelView.swift in Sources */ = {isa = PBXBuildFile; fileRef = 135856282F7D9F6700115473 /* MonthPixelView.swift */; };
		1358562B2F7D9F7800115473 /* WeekPixelView.swift in Sources */ = {isa = PBXBuildFile; fileRef = 1358562A2F7D9F7800115473 /* WeekPixelView.swift */; };
		1358562F2F7D9FEC00115473 /* PixelHelper.swift in Sources */ = {isa = PBXBuildFile; fileRef = 1358562E2F7D9FCA00115473 /* PixelHelper.swift */; };
		135856312F7DA0E000115473 /* CalendarPickerView.swift in Sources */ = {isa = PBXBuildFile; fileRef = 135856302F7DA0E000115473 /* CalendarPickerView.swift */; };
		13D8BDBD2F7D84010024BAAB /* Assets.xcassets in Resources */ = {isa = PBXBuildFile; fileRef = 13D8BDBA2F7D84010024BAAB /* Assets.xcassets */; };
		13D8BDBE2F7D84010024BAAB /* ContentView.swift in Sources */ = {isa = PBXBuildFile; fileRef = 13D8BDBB2F7D84010024BAAB /* ContentView.swift */; };
		13D8BDBF2F7D84010024BAAB /* pixelsApp.swift in Sources */ = {isa = PBXBuildFile; fileRef = 13D8BDBC2F7D84010024BAAB /* pixelsApp.swift */; };
/* End PBXBuildFile section */

/* Begin PBXFileReference section */
		1358561A2F7D8D3600115473 /* DateStripView.swift */ = {isa = PBXFileReference; lastKnownFileType = sourcecode.swift; path = DateStripView.swift; sourceTree = "<group>"; };
		1358561C2F7D8EA400115473 /* TimeGridView.swift */ = {isa = PBXFileReference; lastKnownFileType = sourcecode.swift; path = TimeGridView.swift; sourceTree = "<group>"; };
		135856202F7D912500115473 /* ActivityFormView.swift */ = {isa = PBXFileReference; lastKnownFileType = sourcecode.swift; path = ActivityFormView.swift; sourceTree = "<group>"; };
		135856222F7D97BD00115473 /* PixelGridView.swift */ = {isa = PBXFileReference; lastKnownFileType = sourcecode.swift; path = PixelGridView.swift; sourceTree = "<group>"; };
		135856242F7D9D1300115473 /* CategoryLegendView.swift */ = {isa = PBXFileReference; lastKnownFileType = sourcecode.swift; path = CategoryLegendView.swift; sourceTree = "<group>"; };
		135856262F7D9DBA00115473 /* StatsView.swift */ = {isa = PBXFileReference; lastKnownFileType = sourcecode.swift; path = StatsView.swift; sourceTree = "<group>"; };
		135856282F7D9F6700115473 /* MonthPixelView.swift */ = {isa = PBXFileReference; lastKnownFileType = sourcecode.swift; path = MonthPixelView.swift; sourceTree = "<group>"; };
		1358562A2F7D9F7800115473 /* WeekPixelView.swift */ = {isa = PBXFileReference; lastKnownFileType = sourcecode.swift; path = WeekPixelView.swift; sourceTree = "<group>"; };
		1358562E2F7D9FCA00115473 /* PixelHelper.swift */ = {isa = PBXFileReference; lastKnownFileType = sourcecode.swift; path = PixelHelper.swift; sourceTree = "<group>"; };
		135856302F7DA0E000115473 /* CalendarPickerView.swift */ = {isa = PBXFileReference; lastKnownFileType = sourcecode.swift; path = CalendarPickerView.swift; sourceTree = "<group>"; };
		139D97E02F7CC779005300CB /* pixels.app */ = {isa = PBXFileReference; explicitFileType = wrapper.application; includeInIndex = 0; path = pixels.app; sourceTree = BUILT_PRODUCTS_DIR; };
		139D97F02F7CC846005300CB /* Category.swift */ = {isa = PBXFileReference; lastKnownFileType = sourcecode.swift; path = Category.swift; sourceTree = "<group>"; };
		139D97F12F7CC859005300CB /* Subcategory.swift */ = {isa = PBXFileReference; lastKnownFileType = sourcecode.swift; path = Subcategory.swift; sourceTree = "<group>"; };
		139D97F22F7CC864005300CB /* Activity.swift */ = {isa = PBXFileReference; lastKnownFileType = sourcecode.swift; path = Activity.swift; sourceTree = "<group>"; };
		139D97F32F7CC87C005300CB /* ColorExtension.swift */ = {isa = PBXFileReference; lastKnownFileType = sourcecode.swift; path = ColorExtension.swift; sourceTree = "<group>"; };
		13D8BDBA2F7D84010024BAAB /* Assets.xcassets */ = {isa = PBXFileReference; lastKnownFileType = folder.assetcatalog; path = Assets.xcassets; sourceTree = "<group>"; };
		13D8BDBB2F7D84010024BAAB /* ContentView.swift */ = {isa = PBXFileReference; lastKnownFileType = sourcecode.swift; path = ContentView.swift; sourceTree = "<group>"; };
		13D8BDBC2F7D84010024BAAB /* pixelsApp.swift */ = {isa = PBXFileReference; lastKnownFileType = sourcecode.swift; path = pixelsApp.swift; sourceTree = "<group>"; };
		13D8BDC22F7D8A160024BAAB /* TodayView.swift */ = {isa = PBXFileReference; lastKnownFileType = sourcecode.swift; path = TodayView.swift; sourceTree = "<group>"; };
		13D8BDC32F7D8A3B0024BAAB /* InsightView.swift */ = {isa = PBXFileReference; lastKnownFileType = sourcecode.swift; path = InsightView.swift; sourceTree = "<group>"; };
/* End PBXFileReference section */

/* Begin PBXFrameworksBuildPhase section */
		139D97DD2F7CC779005300CB /* Frameworks */ = {
			isa = PBXFrameworksBuildPhase;
			buildActionMask = 2147483647;
			files = (
			);
			runOnlyForDeploymentPostprocessing = 0;
		};
/* End PBXFrameworksBuildPhase section */

/* Begin PBXGroup section */
		139D97D72F7CC779005300CB = {
			isa = PBXGroup;
			children = (
				13D8BDC12F7D8A100024BAAB /* Views */,
				13D8BDC02F7D87070024BAAB /* Utilities */,
				139D97EE2F7CC802005300CB /* Models */,
				139D97E12F7CC779005300CB /* Products */,
				13D8BDBA2F7D84010024BAAB /* Assets.xcassets */,
				13D8BDBB2F7D84010024BAAB /* ContentView.swift */,
				13D8BDBC2F7D84010024BAAB /* pixelsApp.swift */,
			);
			sourceTree = "<group>";
		};
		139D97E12F7CC779005300CB /* Products */ = {
			isa = PBXGroup;
			children = (
				139D97E02F7CC779005300CB /* pixels.app */,
			);
			name = Products;
			sourceTree = "<group>";
		};
		139D97EE2F7CC802005300CB /* Models */ = {
			isa = PBXGroup;
			children = (
				139D97F22F7CC864005300CB /* Activity.swift */,
				139D97F12F7CC859005300CB /* Subcategory.swift */,
				139D97F02F7CC846005300CB /* Category.swift */,
			);
			path = Models;
			sourceTree = "<group>";
		};
		13D8BDC02F7D87070024BAAB /* Utilities */ = {
			isa = PBXGroup;
			children = (
				139D97F32F7CC87C005300CB /* ColorExtension.swift */,
			);
			path = Utilities;
			sourceTree = "<group>";
		};
		13D8BDC12F7D8A100024BAAB /* Views */ = {
			isa = PBXGroup;
			children = (
				135856302F7DA0E000115473 /* CalendarPickerView.swift */,
				1358562E2F7D9FCA00115473 /* PixelHelper.swift */,
				1358562A2F7D9F7800115473 /* WeekPixelView.swift */,
				135856282F7D9F6700115473 /* MonthPixelView.swift */,
				135856262F7D9DBA00115473 /* StatsView.swift */,
				135856242F7D9D1300115473 /* CategoryLegendView.swift */,
				135856222F7D97BD00115473 /* PixelGridView.swift */,
				135856202F7D912500115473 /* ActivityFormView.swift */,
				1358561C2F7D8EA400115473 /* TimeGridView.swift */,
				1358561A2F7D8D3600115473 /* DateStripView.swift */,
				13D8BDC32F7D8A3B0024BAAB /* InsightView.swift */,
				13D8BDC22F7D8A160024BAAB /* TodayView.swift */,
			);
			path = Views;
			sourceTree = "<group>";
		};
/* End PBXGroup section */

/* Begin PBXNativeTarget section */
		139D97DF2F7CC779005300CB /* pixels */ = {
			isa = PBXNativeTarget;
			buildConfigurationList = 139D97EB2F7CC77A005300CB /* Build configuration list for PBXNativeTarget "pixels" */;
			buildPhases = (
				139D97DC2F7CC779005300CB /* Sources */,
				139D97DD2F7CC779005300CB /* Frameworks */,
				139D97DE2F7CC779005300CB /* Resources */,
			);
			buildRules = (
			);
			dependencies = (
			);
			name = pixels;
			packageProductDependencies = (
			);
			productName = pixels;
			productReference = 139D97E02F7CC779005300CB /* pixels.app */;
			productType = "com.apple.product-type.application";
		};
/* End PBXNativeTarget section */

/* Begin PBXProject section */
		139D97D82F7CC779005300CB /* Project object */ = {
			isa = PBXProject;
			attributes = {
				BuildIndependentTargetsInParallel = 1;
				LastSwiftUpdateCheck = 2630;
				LastUpgradeCheck = 2630;
				TargetAttributes = {
					139D97DF2F7CC779005300CB = {
						CreatedOnToolsVersion = 26.3;
					};
				};
			};
			buildConfigurationList = 139D97DB2F7CC779005300CB /* Build configuration list for PBXProject "pixels" */;
			developmentRegion = en;
			hasScannedForEncodings = 0;
			knownRegions = (
				en,
				Base,
			);
			mainGroup = 139D97D72F7CC779005300CB;
			minimizedProjectReferenceProxies = 1;
			preferredProjectObjectVersion = 77;
			productRefGroup = 139D97E12F7CC779005300CB /* Products */;
			projectDirPath = "";
			projectRoot = "";
			targets = (
				139D97DF2F7CC779005300CB /* pixels */,
			);
		};
/* End PBXProject section */

/* Begin PBXResourcesBuildPhase section */
		139D97DE2F7CC779005300CB /* Resources */ = {
			isa = PBXResourcesBuildPhase;
			buildActionMask = 2147483647;
			files = (
				13D8BDBD2F7D84010024BAAB /* Assets.xcassets in Resources */,
			);
			runOnlyForDeploymentPostprocessing = 0;
		};
/* End PBXResourcesBuildPhase section */

/* Begin PBXSourcesBuildPhase section */
		139D97DC2F7CC779005300CB /* Sources */ = {
			isa = PBXSourcesBuildPhase;
			buildActionMask = 2147483647;
			files = (
				135856142F7D8BD200115473 /* InsightView.swift in Sources */,
				135856232F7D97BD00115473 /* PixelGridView.swift in Sources */,
				13D8BDBE2F7D84010024BAAB /* ContentView.swift in Sources */,
				135856182F7D8C3F00115473 /* Activity.swift in Sources */,
				135856192F7D8C4B00115473 /* ColorExtension.swift in Sources */,
				1358561B2F7D8D3600115473 /* DateStripView.swift in Sources */,
				135856152F7D8BD900115473 /* TodayView.swift in Sources */,
				1358562B2F7D9F7800115473 /* WeekPixelView.swift in Sources */,
				135856292F7D9F6700115473 /* MonthPixelView.swift in Sources */,
				1358562F2F7D9FEC00115473 /* PixelHelper.swift in Sources */,
				13D8BDBF2F7D84010024BAAB /* pixelsApp.swift in Sources */,
				1358561D2F7D8EA400115473 /* TimeGridView.swift in Sources */,
				135856312F7DA0E000115473 /* CalendarPickerView.swift in Sources */,
				135856162F7D8C3A00115473 /* Subcategory.swift in Sources */,
				135856252F7D9D1300115473 /* CategoryLegendView.swift in Sources */,
				135856212F7D912500115473 /* ActivityFormView.swift in Sources */,
				135856272F7D9DBA00115473 /* StatsView.swift in Sources */,
				135856172F7D8C3A00115473 /* Category.swift in Sources */,
			);
			runOnlyForDeploymentPostprocessing = 0;
		};
/* End PBXSourcesBuildPhase section */

/* Begin XCBuildConfiguration section */
		139D97E92F7CC77A005300CB /* Debug */ = {
			isa = XCBuildConfiguration;
			buildSettings = {
				ALWAYS_SEARCH_USER_PATHS = NO;
				ASSETCATALOG_COMPILER_GENERATE_SWIFT_ASSET_SYMBOL_EXTENSIONS = YES;
				CLANG_ANALYZER_NONNULL = YES;
				CLANG_ANALYZER_NUMBER_OBJECT_CONVERSION = YES_AGGRESSIVE;
				CLANG_CXX_LANGUAGE_STANDARD = "gnu++20";
				CLANG_ENABLE_MODULES = YES;
				CLANG_ENABLE_OBJC_ARC = YES;
				CLANG_ENABLE_OBJC_WEAK = YES;
				CLANG_WARN_BLOCK_CAPTURE_AUTORELEASING = YES;
				CLANG_WARN_BOOL_CONVERSION = YES;
				CLANG_WARN_COMMA = YES;
				CLANG_WARN_CONSTANT_CONVERSION = YES;
				CLANG_WARN_DEPRECATED_OBJC_IMPLEMENTATIONS = YES;
				CLANG_WARN_DIRECT_OBJC_ISA_USAGE = YES_ERROR;
				CLANG_WARN_DOCUMENTATION_COMMENTS = YES;
				CLANG_WARN_EMPTY_BODY = YES;
				CLANG_WARN_ENUM_CONVERSION = YES;
				CLANG_WARN_INFINITE_RECURSION = YES;
				CLANG_WARN_INT_CONVERSION = YES;
				CLANG_WARN_NON_LITERAL_NULL_CONVERSION = YES;
				CLANG_WARN_OBJC_IMPLICIT_RETAIN_SELF = YES;
				CLANG_WARN_OBJC_LITERAL_CONVERSION = YES;
				CLANG_WARN_OBJC_ROOT_CLASS = YES_ERROR;
				CLANG_WARN_QUOTED_INCLUDE_IN_FRAMEWORK_HEADER = YES;
				CLANG_WARN_RANGE_LOOP_ANALYSIS = YES;
				CLANG_WARN_STRICT_PROTOTYPES = YES;
				CLANG_WARN_SUSPICIOUS_MOVE = YES;
				CLANG_WARN_UNGUARDED_AVAILABILITY = YES_AGGRESSIVE;
				CLANG_WARN_UNREACHABLE_CODE = YES;
				CLANG_WARN__DUPLICATE_METHOD_MATCH = YES;
				COPY_PHASE_STRIP = NO;
				DEBUG_INFORMATION_FORMAT = dwarf;
				ENABLE_STRICT_OBJC_MSGSEND = YES;
				ENABLE_TESTABILITY = YES;
				ENABLE_USER_SCRIPT_SANDBOXING = YES;
				GCC_C_LANGUAGE_STANDARD = gnu17;
				GCC_DYNAMIC_NO_PIC = NO;
				GCC_NO_COMMON_BLOCKS = YES;
				GCC_OPTIMIZATION_LEVEL = 0;
				GCC_PREPROCESSOR_DEFINITIONS = (
					"DEBUG=1",
					"$(inherited)",
				);
				GCC_WARN_64_TO_32_BIT_CONVERSION = YES;
				GCC_WARN_ABOUT_RETURN_TYPE = YES_ERROR;
				GCC_WARN_UNDECLARED_SELECTOR = YES;
				GCC_WARN_UNINITIALIZED_AUTOS = YES_AGGRESSIVE;
				GCC_WARN_UNUSED_FUNCTION = YES;
				GCC_WARN_UNUSED_VARIABLE = YES;
				IPHONEOS_DEPLOYMENT_TARGET = 26.2;
				LOCALIZATION_PREFERS_STRING_CATALOGS = YES;
				MTL_ENABLE_DEBUG_INFO = INCLUDE_SOURCE;
				MTL_FAST_MATH = YES;
				ONLY_ACTIVE_ARCH = YES;
				SDKROOT = iphoneos;
				SWIFT_ACTIVE_COMPILATION_CONDITIONS = "DEBUG $(inherited)";
				SWIFT_OPTIMIZATION_LEVEL = "-Onone";
			};
			name = Debug;
		};
		139D97EA2F7CC77A005300CB /* Release */ = {
			isa = XCBuildConfiguration;
			buildSettings = {
				ALWAYS_SEARCH_USER_PATHS = NO;
				ASSETCATALOG_COMPILER_GENERATE_SWIFT_ASSET_SYMBOL_EXTENSIONS = YES;
				CLANG_ANALYZER_NONNULL = YES;
				CLANG_ANALYZER_NUMBER_OBJECT_CONVERSION = YES_AGGRESSIVE;
				CLANG_CXX_LANGUAGE_STANDARD = "gnu++20";
				CLANG_ENABLE_MODULES = YES;
				CLANG_ENABLE_OBJC_ARC = YES;
				CLANG_ENABLE_OBJC_WEAK = YES;
				CLANG_WARN_BLOCK_CAPTURE_AUTORELEASING = YES;
				CLANG_WARN_BOOL_CONVERSION = YES;
				CLANG_WARN_COMMA = YES;
				CLANG_WARN_CONSTANT_CONVERSION = YES;
				CLANG_WARN_DEPRECATED_OBJC_IMPLEMENTATIONS = YES;
				CLANG_WARN_DIRECT_OBJC_ISA_USAGE = YES_ERROR;
				CLANG_WARN_DOCUMENTATION_COMMENTS = YES;
				CLANG_WARN_EMPTY_BODY = YES;
				CLANG_WARN_ENUM_CONVERSION = YES;
				CLANG_WARN_INFINITE_RECURSION = YES;
				CLANG_WARN_INT_CONVERSION = YES;
				CLANG_WARN_NON_LITERAL_NULL_CONVERSION = YES;
				CLANG_WARN_OBJC_IMPLICIT_RETAIN_SELF = YES;
				CLANG_WARN_OBJC_LITERAL_CONVERSION = YES;
				CLANG_WARN_OBJC_ROOT_CLASS = YES_ERROR;
				CLANG_WARN_QUOTED_INCLUDE_IN_FRAMEWORK_HEADER = YES;
				CLANG_WARN_RANGE_LOOP_ANALYSIS = YES;
				CLANG_WARN_STRICT_PROTOTYPES = YES;
				CLANG_WARN_SUSPICIOUS_MOVE = YES;
				CLANG_WARN_UNGUARDED_AVAILABILITY = YES_AGGRESSIVE;
				CLANG_WARN_UNREACHABLE_CODE = YES;
				CLANG_WARN__DUPLICATE_METHOD_MATCH = YES;
				COPY_PHASE_STRIP = NO;
				DEBUG_INFORMATION_FORMAT = "dwarf-with-dsym";
				ENABLE_NS_ASSERTIONS = NO;
				ENABLE_STRICT_OBJC_MSGSEND = YES;
				ENABLE_USER_SCRIPT_SANDBOXING = YES;
				GCC_C_LANGUAGE_STANDARD = gnu17;
				GCC_NO_COMMON_BLOCKS = YES;
				GCC_WARN_64_TO_32_BIT_CONVERSION = YES;
				GCC_WARN_ABOUT_RETURN_TYPE = YES_ERROR;
				GCC_WARN_UNDECLARED_SELECTOR = YES;
				GCC_WARN_UNINITIALIZED_AUTOS = YES_AGGRESSIVE;
				GCC_WARN_UNUSED_FUNCTION = YES;
				GCC_WARN_UNUSED_VARIABLE = YES;
				IPHONEOS_DEPLOYMENT_TARGET = 26.2;
				LOCALIZATION_PREFERS_STRING_CATALOGS = YES;
				MTL_ENABLE_DEBUG_INFO = NO;
				MTL_FAST_MATH = YES;
				SDKROOT = iphoneos;
				SWIFT_COMPILATION_MODE = wholemodule;
				VALIDATE_PRODUCT = YES;
			};
			name = Release;
		};
		139D97EC2F7CC77A005300CB /* Debug */ = {
			isa = XCBuildConfiguration;
			buildSettings = {
				ASSETCATALOG_COMPILER_APPICON_NAME = AppIcon;
				ASSETCATALOG_COMPILER_GLOBAL_ACCENT_COLOR_NAME = AccentColor;
				CODE_SIGN_STYLE = Automatic;
				CURRENT_PROJECT_VERSION = 1;
				ENABLE_PREVIEWS = YES;
				GENERATE_INFOPLIST_FILE = YES;
				INFOPLIST_KEY_UIApplicationSceneManifest_Generation = YES;
				INFOPLIST_KEY_UIApplicationSupportsIndirectInputEvents = YES;
				INFOPLIST_KEY_UILaunchScreen_Generation = YES;
				INFOPLIST_KEY_UISupportedInterfaceOrientations_iPad = "UIInterfaceOrientationPortrait UIInterfaceOrientationPortraitUpsideDown UIInterfaceOrientationLandscapeLeft UIInterfaceOrientationLandscapeRight";
				INFOPLIST_KEY_UISupportedInterfaceOrientations_iPhone = "UIInterfaceOrientationPortrait UIInterfaceOrientationLandscapeLeft UIInterfaceOrientationLandscapeRight";
				LD_RUNPATH_SEARCH_PATHS = (
					"$(inherited)",
					"@executable_path/Frameworks",
				);
				MARKETING_VERSION = 1.0;
				PRODUCT_BUNDLE_IDENTIFIER = com.kae.pixels;
				PRODUCT_NAME = "$(TARGET_NAME)";
				STRING_CATALOG_GENERATE_SYMBOLS = YES;
				SWIFT_APPROACHABLE_CONCURRENCY = YES;
				SWIFT_DEFAULT_ACTOR_ISOLATION = MainActor;
				SWIFT_EMIT_LOC_STRINGS = YES;
				SWIFT_UPCOMING_FEATURE_MEMBER_IMPORT_VISIBILITY = YES;
				SWIFT_VERSION = 5.0;
				TARGETED_DEVICE_FAMILY = "1,2";
			};
			name = Debug;
		};
		139D97ED2F7CC77A005300CB /* Release */ = {
			isa = XCBuildConfiguration;
			buildSettings = {
				ASSETCATALOG_COMPILER_APPICON_NAME = AppIcon;
				ASSETCATALOG_COMPILER_GLOBAL_ACCENT_COLOR_NAME = AccentColor;
				CODE_SIGN_STYLE = Automatic;
				CURRENT_PROJECT_VERSION = 1;
				ENABLE_PREVIEWS = YES;
				GENERATE_INFOPLIST_FILE = YES;
				INFOPLIST_KEY_UIApplicationSceneManifest_Generation = YES;
				INFOPLIST_KEY_UIApplicationSupportsIndirectInputEvents = YES;
				INFOPLIST_KEY_UILaunchScreen_Generation = YES;
				INFOPLIST_KEY_UISupportedInterfaceOrientations_iPad = "UIInterfaceOrientationPortrait UIInterfaceOrientationPortraitUpsideDown UIInterfaceOrientationLandscapeLeft UIInterfaceOrientationLandscapeRight";
				INFOPLIST_KEY_UISupportedInterfaceOrientations_iPhone = "UIInterfaceOrientationPortrait UIInterfaceOrientationLandscapeLeft UIInterfaceOrientationLandscapeRight";
				LD_RUNPATH_SEARCH_PATHS = (
					"$(inherited)",
					"@executable_path/Frameworks",
				);
				MARKETING_VERSION = 1.0;
				PRODUCT_BUNDLE_IDENTIFIER = com.kae.pixels;
				PRODUCT_NAME = "$(TARGET_NAME)";
				STRING_CATALOG_GENERATE_SYMBOLS = YES;
				SWIFT_APPROACHABLE_CONCURRENCY = YES;
				SWIFT_DEFAULT_ACTOR_ISOLATION = MainActor;
				SWIFT_EMIT_LOC_STRINGS = YES;
				SWIFT_UPCOMING_FEATURE_MEMBER_IMPORT_VISIBILITY = YES;
				SWIFT_VERSION = 5.0;
				TARGETED_DEVICE_FAMILY = "1,2";
			};
			name = Release;
		};
/* End XCBuildConfiguration section */

/* Begin XCConfigurationList section */
		139D97DB2F7CC779005300CB /* Build configuration list for PBXProject "pixels" */ = {
			isa = XCConfigurationList;
			buildConfigurations = (
				139D97E92F7CC77A005300CB /* Debug */,
				139D97EA2F7CC77A005300CB /* Release */,
			);
			defaultConfigurationIsVisible = 0;
			defaultConfigurationName = Release;
		};
		139D97EB2F7CC77A005300CB /* Build configuration list for PBXNativeTarget "pixels" */ = {
			isa = XCConfigurationList;
			buildConfigurations = (
				139D97EC2F7CC77A005300CB /* Debug */,
				139D97ED2F7CC77A005300CB /* Release */,
			);
			defaultConfigurationIsVisible = 0;
			defaultConfigurationName = Release;
		};
/* End XCConfigurationList section */
	};
	rootObject = 139D97D82F7CC779005300CB /* Project object */;
}
